
Microsoft Visual Studio Solution File, Format Version 12.00
# Visual Studio 2013
VisualStudioVersion = 12.0.30723.0
MinimumVisualStudioVersion = 10.0.40219.1
Project("{F2A71F9B-5D33-465A-A702-920D77279786}") = "AISystems", "AISystems\AISystems.fsproj", "{B6DF6D87-2314-45AD-BE7F-B6FC880CED28}"
EndProject
Project("{F2A71F9B-5D33-465A-A702-920D77279786}") = "AISystems.Mea", "AISystems.Mea\AISystems.Mea.fsproj", "{D9B61125-7CB3-43C8-8895-A81CD84AF39D}"
EndProject
Global
	GlobalSection(SolutionConfigurationPlatforms) = preSolution
		Debug|Any CPU = Debug|Any CPU
		Release|Any CPU = Release|Any CPU
	EndGlobalSection
	GlobalSection(ProjectConfigurationPlatforms) = postSolution
		{B6DF6D87-2314-45AD-BE7F-B6FC880CED28}.Debug|Any CPU.ActiveCfg = Debug|Any CPU
		{B6DF6D87-2314-45AD-BE7F-B6FC880CED28}.Debug|Any CPU.Build.0 = Debug|Any CPU
		{B6DF6D87-2314-45AD-BE7F-B6FC880CED28}.Release|Any CPU.ActiveCfg = Release|Any CPU
		{B6DF6D87-2314-45AD-BE7F-B6FC880CED28}.Release|Any CPU.Build.0 = Release|Any CPU
		{D9B61125-7CB3-43C8-8895-A81CD84AF39D}.Debug|Any CPU.ActiveCfg = Debug|Any CPU
		{D9B61125-7CB3-43C8-8895-A81CD84AF39D}.Debug|Any CPU.Build.0 = Debug|Any CPU
		{D9B61125-7CB3-43C8-8895-A81CD84AF39D}.Release|Any CPU.ActiveCfg = Release|Any CPU
		{D9B61125-7CB3-43C8-8895-A81CD84AF39D}.Release|Any CPU.Build.0 = Release|Any CPU
	EndGlobalSection
	GlobalSection(SolutionProperties) = preSolution
		HideSolutionNode = FALSE
	EndGlobalSection
EndGlobal
